Microsoft Visual Studio Solution File, Format Version 12.00
Project("{9A19103F-16F7-4668-BE54-9A1E7A4F7556}") = "this", "this.proj", "{18453A51-8209-4148-B9C7-BA363E0C0A58}"
EndProject
Project("{9A19103F-16F7-4668-BE54-9A1E7A4F7556}") = "AXOpen.Integrations.Hwc.blazorapp", "app\ix-blazor\AXOpen.Integrations.Hwc.blazorapp.csproj", "{EC633E14-4C94-42DA-8EB6-E4E42AC8203A}"
EndProject
Project("{9A19103F-16F7-4668-BE54-9A1E7A4F7556}") = "app_axopen_integrations_hwc", "app\ix\app_axopen_integrations_hwc.csproj", "{5D3099AF-5996-43A4-9D64-1B521C060117}"
EndProject
Project("{9A19103F-16F7-4668-BE54-9A1E7A4F7556}") = "AXOpen.Integrations.Hwc.blazor", "src\AXOpen.Integrations.Hwc.blazor\AXOpen.Integrations.Hwc.blazor.csproj", "{995DD1AC-6630-4CDA-97F1-F75090D6D542}"
EndProject
Project("{9A19103F-16F7-4668-BE54-9A1E7A4F7556}") = "ix_ax_axopen_integrations_hwc", "src\AXOpen.Integrations.Hwc\ix_ax_axopen_integrations_hwc.csproj", "{A6E56642-0C30-4219-A2D7-94BA2C876A51}"
EndProject
Project("{9A19103F-16F7-4668-BE54-9A1E7A4F7556}") = "AXOpen.Integrations.Hwc_tests", "tests\AXOpen.Integrations.Hwc.Tests\AXOpen.Integrations.Hwc_tests.csproj", "{BBD9E66A-CAD9-4F62-86D2-624659985C67}"
EndProject
Project("{9A19103F-16F7-4668-BE54-9A1E7A4F7556}") = "ix_ax_axopen_abstractions", "..\axopen\src\abstractions\src\AXOpen.Abstractions\ix_ax_axopen_abstractions.csproj", "{B0B0600B-898B-41D1-BFAB-8FB0E81A20F8}"
EndProject
Project("{9A19103F-16F7-4668-BE54-9A1E7A4F7556}") = "AXOpen.Base.Abstractions", "..\axopen\src\base\src\AXOpen.Base.Abstractions\AXOpen.Base.Abstractions.csproj", "{1595A168-8F71-46C9-8373-A7903621F3DB}"
EndProject
Project("{9A19103F-16F7-4668-BE54-9A1E7A4F7556}") = "AXOpen.Logging.Serilog", "..\axopen\src\base\src\AXOpen.Logging\AXOpen.Logging.Serilog.csproj", "{15732B55-B7CB-4FAA-852A-9697CB8A3279}"
EndProject
Project("{9A19103F-16F7-4668-BE54-9A1E7A4F7556}") = "AXOpen.VisualComposer", "..\axopen\src\base\src\AXOpen.VisualComposer\AXOpen.VisualComposer.csproj", "{5FE9A98A-F583-4D2A-8082-14C01EBDF490}"
EndProject
Project("{9A19103F-16F7-4668-BE54-9A1E7A4F7556}") = "ix_ax_axopen_components_abstractions", "..\axopen\src\components.abstractions\src\AXOpen.Components.Abstractions\ix_ax_axopen_components_abstractions.csproj", "{45C81FD4-2780-4C5A-BB1B-5A2E9A6688E4}"
EndProject
Project("{9A19103F-16F7-4668-BE54-9A1E7A4F7556}") = "axopen_core_blazor", "..\axopen\src\core\src\AXOpen.Core.Blazor\axopen_core_blazor.csproj", "{55842982-0248-4335-95A9-8A52E7123F81}"
EndProject
Project("{9A19103F-16F7-4668-BE54-9A1E7A4F7556}") = "ix_ax_axopen_core", "..\axopen\src\core\src\AXOpen.Core\ix_ax_axopen_core.csproj", "{CC70E79A-0ADC-4A11-891C-9B710C4362A5}"
EndProject
Project("{9A19103F-16F7-4668-BE54-9A1E7A4F7556}") = "AXOpen.Data.Json", "..\axopen\src\data\src\repositories\Json\AXOpen.Data.Json.csproj", "{8B8E5DFE-A0B4-4E32-B07C-419D938B6FA5}"
EndProject
Project("{9A19103F-16F7-4668-BE54-9A1E7A4F7556}") = "AXOpen.Io.blazor", "..\axopen\src\io\src\AXOpen.Io.blazor\AXOpen.Io.blazor.csproj", "{0699A3CF-367C-4E62-9A99-5C1FB5FAD1A9}"
EndProject
Project("{9A19103F-16F7-4668-BE54-9A1E7A4F7556}") = "ix_ax_axopen_io", "..\axopen\src\io\src\AXOpen.Io\ix_ax_axopen_io.csproj", "{B3B8F204-32DD-437B-B849-C68D4A605C04}"
EndProject
Project("{9A19103F-16F7-4668-BE54-9A1E7A4F7556}") = "ix_ax_ax_sdk", "..\axopen\src\sdk-ax\ctrl\ix\ix_ax_ax_sdk.csproj", "{E576BE29-7BA2-4B7D-A0A2-900772DB588F}"
EndProject
Project("{9A19103F-16F7-4668-BE54-9A1E7A4F7556}") = "AXOpen.Security.Blazor", "..\axopen\src\Security\src\AXOpen.Security.Blazor\AXOpen.Security.Blazor.csproj", "{19E2415C-6397-471D-9856-92094A6CE383}"
EndProject
Project("{9A19103F-16F7-4668-BE54-9A1E7A4F7556}") = "AXOpen.Security", "..\axopen\src\Security\src\AXOpen.Security\AXOpen.Security.csproj", "{0E02E9D4-3B11-4A07-8F3F-D799B43D8F5C}"
EndProject
Project("{9A19103F-16F7-4668-BE54-9A1E7A4F7556}") = "ix_ax_axopen_simatic1500", "..\axopen\src\simatic1500\ctrl\ix\ix_ax_axopen_simatic1500.csproj", "{58ECCF5F-9AF3-48AB-A5F2-1B8DD64858D4}"
EndProject
Project("{9A19103F-16F7-4668-BE54-9A1E7A4F7556}") = "ix_ax_axopen_timers", "..\axopen\src\timers\src\AXOpen.Timers\ix_ax_axopen_timers.csproj", "{45A7BE54-28B6-4A00-8067-3CA362914F7D}"
EndProject
Project("{9A19103F-16F7-4668-BE54-9A1E7A4F7556}") = "AXOpen.ToolBox", "..\axopen\src\toolbox\src\AXOpen.ToolBox\AXOpen.ToolBox.csproj", "{76AB392D-78B0-46E2-A928-4D55D92F4285}"
EndProject
Project("{2150E333-8FDC-42A3-9474-1A3956D46DE8}") = "ix-blazor", "app\ix-blazor", "{4241F29F-7D29-4FB4-883F-B91B92E1A83A}"
EndProject
Project("{2150E333-8FDC-42A3-9474-1A3956D46DE8}") = "ix", "app\ix", "{1471D14C-8258-4188-B428-FCBE9F83D388}"
EndProject
Project("{2150E333-8FDC-42A3-9474-1A3956D46DE8}") = "app", "app", "{E61C6D84-CFDF-4D52-99CA-31CB747B04D5}"
EndProject
Project("{2150E333-8FDC-42A3-9474-1A3956D46DE8}") = "AXOpen.Integrations.Hwc.blazor", "src\AXOpen.Integrations.Hwc.blazor", "{48971536-26C4-4AF9-8804-BBDD009F9732}"
EndProject
Project("{2150E333-8FDC-42A3-9474-1A3956D46DE8}") = "AXOpen.Integrations.Hwc", "src\AXOpen.Integrations.Hwc", "{720D780E-CBF7-40C8-88A6-36A04659BCF8}"
EndProject
Project("{2150E333-8FDC-42A3-9474-1A3956D46DE8}") = "src", "src", "{79382FC4-3786-438B-B71B-2DFBC69C9BB0}"
EndProject
Project("{2150E333-8FDC-42A3-9474-1A3956D46DE8}") = "AXOpen.Integrations.Hwc.Tests", "tests\AXOpen.Integrations.Hwc.Tests", "{67B4B057-E966-4B07-8E10-0F8B414D97B0}"
EndProject
Project("{2150E333-8FDC-42A3-9474-1A3956D46DE8}") = "tests", "tests", "{AB22AF7E-1775-45F7-B2C6-DC9664350985}"
EndProject
Project("{2150E333-8FDC-42A3-9474-1A3956D46DE8}") = "axopen.integrations.hwc", "..\axopen.integrations.hwc", "{2323EEEA-11FE-487D-9E1F-F5A26F37AF67}"
EndProject
Project("{2150E333-8FDC-42A3-9474-1A3956D46DE8}") = "ix-ax", "..\..\ix-ax", "{9CEF7AAE-9C59-415A-839C-1DA717E05FBD}"
EndProject
Project("{2150E333-8FDC-42A3-9474-1A3956D46DE8}") = "github", "..\..\..\github", "{1701468D-FB2B-43E8-B701-46E3EDEA3EAE}"
EndProject
Project("{2150E333-8FDC-42A3-9474-1A3956D46DE8}") = "AXOpen.Abstractions", "..\axopen\src\abstractions\src\AXOpen.Abstractions", "{54D3603D-5E1F-4564-98F5-AF8899865D46}"
EndProject
Project("{2150E333-8FDC-42A3-9474-1A3956D46DE8}") = "src", "..\axopen\src\abstractions\src", "{9F3A1EB7-2F8D-4E42-B892-2306F1BE7A32}"
EndProject
Project("{2150E333-8FDC-42A3-9474-1A3956D46DE8}") = "abstractions", "..\axopen\src\abstractions", "{243583D5-62C4-46D0-A231-706CF18F5108}"
EndProject
Project("{2150E333-8FDC-42A3-9474-1A3956D46DE8}") = "AXOpen.Base.Abstractions", "..\axopen\src\base\src\AXOpen.Base.Abstractions", "{ED4038EA-6322-46E8-A30A-D137C39852FB}"
EndProject
Project("{2150E333-8FDC-42A3-9474-1A3956D46DE8}") = "AXOpen.Logging", "..\axopen\src\base\src\AXOpen.Logging", "{DBA84520-34E6-49AD-9488-F6BCBB2DE934}"
EndProject
Project("{2150E333-8FDC-42A3-9474-1A3956D46DE8}") = "AXOpen.VisualComposer", "..\axopen\src\base\src\AXOpen.VisualComposer", "{F46FD34C-C549-4616-B6F6-B65E919BA5EC}"
EndProject
Project("{2150E333-8FDC-42A3-9474-1A3956D46DE8}") = "src", "..\axopen\src\base\src", "{82750134-CA44-47AD-87FF-543D503482FB}"
EndProject
Project("{2150E333-8FDC-42A3-9474-1A3956D46DE8}") = "base", "..\axopen\src\base", "{A2CC35EA-2786-4C18-B7DA-CB39582EA36E}"
EndProject
Project("{2150E333-8FDC-42A3-9474-1A3956D46DE8}") = "AXOpen.Components.Abstractions", "..\axopen\src\components.abstractions\src\AXOpen.Components.Abstractions", "{96DD4022-DB48-4D3C-9A90-9B99F153C568}"
EndProject
Project("{2150E333-8FDC-42A3-9474-1A3956D46DE8}") = "src", "..\axopen\src\components.abstractions\src", "{9F74811C-E597-4ED1-89CB-696C8E72D38D}"
EndProject
Project("{2150E333-8FDC-42A3-9474-1A3956D46DE8}") = "components.abstractions", "..\axopen\src\components.abstractions", "{4845CF04-8520-4440-B58C-631EC405960F}"
EndProject
Project("{2150E333-8FDC-42A3-9474-1A3956D46DE8}") = "AXOpen.Core.Blazor", "..\axopen\src\core\src\AXOpen.Core.Blazor", "{2AE3C8D8-74FD-4C38-A042-E84401189610}"
EndProject
Project("{2150E333-8FDC-42A3-9474-1A3956D46DE8}") = "AXOpen.Core", "..\axopen\src\core\src\AXOpen.Core", "{DF937125-D2EB-48DB-B15A-FF4074581C72}"
EndProject
Project("{2150E333-8FDC-42A3-9474-1A3956D46DE8}") = "src", "..\axopen\src\core\src", "{874B7E7E-DAB6-4487-9CD4-75E23399EAB1}"
EndProject
Project("{2150E333-8FDC-42A3-9474-1A3956D46DE8}") = "core", "..\axopen\src\core", "{3C1AA4D6-6C57-4AF3-8FDA-D154EAF39C1A}"
EndProject
Project("{2150E333-8FDC-42A3-9474-1A3956D46DE8}") = "Json", "..\axopen\src\data\src\repositories\Json", "{689B595B-BA91-4CF2-95D6-D5553F6E86CA}"
EndProject
Project("{2150E333-8FDC-42A3-9474-1A3956D46DE8}") = "repositories", "..\axopen\src\data\src\repositories", "{E4772CC2-1B37-4126-89FE-2DAB49D6B07A}"
EndProject
Project("{2150E333-8FDC-42A3-9474-1A3956D46DE8}") = "src", "..\axopen\src\data\src", "{0616F6D1-0A16-4CC0-87C6-4AD7AEACBAAA}"
EndProject
Project("{2150E333-8FDC-42A3-9474-1A3956D46DE8}") = "data", "..\axopen\src\data", "{AC59CD31-3715-4DBA-A5A6-C689C4640999}"
EndProject
Project("{2150E333-8FDC-42A3-9474-1A3956D46DE8}") = "AXOpen.Io.blazor", "..\axopen\src\io\src\AXOpen.Io.blazor", "{CDE02245-29C7-4B2A-8051-C4420D27BF53}"
EndProject
Project("{2150E333-8FDC-42A3-9474-1A3956D46DE8}") = "AXOpen.Io", "..\axopen\src\io\src\AXOpen.Io", "{CB8BD3BB-31F6-4FC6-88FE-8E62A11E1B49}"
EndProject
Project("{2150E333-8FDC-42A3-9474-1A3956D46DE8}") = "src", "..\axopen\src\io\src", "{10BDB3A2-6F05-4B4B-B019-BDA16C420CC7}"
EndProject
Project("{2150E333-8FDC-42A3-9474-1A3956D46DE8}") = "io", "..\axopen\src\io", "{17CE4C77-41E0-45D8-B458-0F9478D4BB6C}"
EndProject
Project("{2150E333-8FDC-42A3-9474-1A3956D46DE8}") = "ix", "..\axopen\src\sdk-ax\ctrl\ix", "{DAEEC3D1-8030-45C3-8F24-D0DA82A29696}"
EndProject
Project("{2150E333-8FDC-42A3-9474-1A3956D46DE8}") = "ctrl", "..\axopen\src\sdk-ax\ctrl", "{2321DDD9-1B9F-41CE-B600-9386D9BC0F84}"
EndProject
Project("{2150E333-8FDC-42A3-9474-1A3956D46DE8}") = "sdk-ax", "..\axopen\src\sdk-ax", "{18A4BAC0-A172-496C-BE74-FBDDCC95B4CD}"
EndProject
Project("{2150E333-8FDC-42A3-9474-1A3956D46DE8}") = "AXOpen.Security.Blazor", "..\axopen\src\Security\src\AXOpen.Security.Blazor", "{6ADEA6A9-8E9C-4C6A-8EB9-B3893E991845}"
EndProject
Project("{2150E333-8FDC-42A3-9474-1A3956D46DE8}") = "AXOpen.Security", "..\axopen\src\Security\src\AXOpen.Security", "{A8D5B69A-C264-4EBE-8B25-435B56F9D488}"
EndProject
Project("{2150E333-8FDC-42A3-9474-1A3956D46DE8}") = "src", "..\axopen\src\Security\src", "{D1116B7E-464A-46C6-805B-1DB86561D5AF}"
EndProject
Project("{2150E333-8FDC-42A3-9474-1A3956D46DE8}") = "Security", "..\axopen\src\Security", "{30091720-94FD-48FD-B040-0FC645D0140F}"
EndProject
Project("{2150E333-8FDC-42A3-9474-1A3956D46DE8}") = "ix", "..\axopen\src\simatic1500\ctrl\ix", "{8309C2E3-C3E1-43F6-9DF8-05DEAFC68052}"
EndProject
Project("{2150E333-8FDC-42A3-9474-1A3956D46DE8}") = "ctrl", "..\axopen\src\simatic1500\ctrl", "{4828F5EB-0648-41D6-8DB8-6D92CAEFF0E0}"
EndProject
Project("{2150E333-8FDC-42A3-9474-1A3956D46DE8}") = "simatic1500", "..\axopen\src\simatic1500", "{0CC9CCFD-E0B5-41C6-8E12-4979A3C405A5}"
EndProject
Project("{2150E333-8FDC-42A3-9474-1A3956D46DE8}") = "AXOpen.Timers", "..\axopen\src\timers\src\AXOpen.Timers", "{E5623A23-268B-4EB1-BD72-5A1E94AC1079}"
EndProject
Project("{2150E333-8FDC-42A3-9474-1A3956D46DE8}") = "src", "..\axopen\src\timers\src", "{38193882-5D10-41B5-9F75-ECA020FC26EB}"
EndProject
Project("{2150E333-8FDC-42A3-9474-1A3956D46DE8}") = "timers", "..\axopen\src\timers", "{97E48919-6909-4AF6-B6B6-0A87965D7783}"
EndProject
Project("{2150E333-8FDC-42A3-9474-1A3956D46DE8}") = "AXOpen.ToolBox", "..\axopen\src\toolbox\src\AXOpen.ToolBox", "{42B95BB1-4CB0-415F-B3CD-80FB72BF2B0A}"
EndProject
Project("{2150E333-8FDC-42A3-9474-1A3956D46DE8}") = "src", "..\axopen\src\toolbox\src", "{9971E480-0647-4D03-91F4-0E4CF4FE5CA5}"
EndProject
Project("{2150E333-8FDC-42A3-9474-1A3956D46DE8}") = "toolbox", "..\axopen\src\toolbox", "{7EF8BA91-0F7E-4D9D-ADC9-7A60D175DC37}"
EndProject
Project("{2150E333-8FDC-42A3-9474-1A3956D46DE8}") = "src", "..\axopen\src", "{397BBA4A-BD22-49DD-A6C1-C020C331B6BC}"
EndProject
Global
	GlobalSection(SolutionConfigurationPlatforms) = preSolution
		Debug|Any CPU = Debug|Any CPU
		Release|Any CPU = Release|Any CPU
	EndGlobalSection
	GlobalSection(ProjectConfigurationPlatforms) = postSolution
		{18453A51-8209-4148-B9C7-BA363E0C0A58}.Debug|Any CPU.ActiveCfg = Debug|Any CPU
		{18453A51-8209-4148-B9C7-BA363E0C0A58}.Debug|Any CPU.Build.0 = Debug|Any CPU
		{18453A51-8209-4148-B9C7-BA363E0C0A58}.Release|Any CPU.ActiveCfg = Release|Any CPU
		{18453A51-8209-4148-B9C7-BA363E0C0A58}.Release|Any CPU.Build.0 = Release|Any CPU
		{EC633E14-4C94-42DA-8EB6-E4E42AC8203A}.Debug|Any CPU.ActiveCfg = Debug|Any CPU
		{EC633E14-4C94-42DA-8EB6-E4E42AC8203A}.Debug|Any CPU.Build.0 = Debug|Any CPU
		{EC633E14-4C94-42DA-8EB6-E4E42AC8203A}.Release|Any CPU.ActiveCfg = Release|Any CPU
		{EC633E14-4C94-42DA-8EB6-E4E42AC8203A}.Release|Any CPU.Build.0 = Release|Any CPU
		{5D3099AF-5996-43A4-9D64-1B521C060117}.Debug|Any CPU.ActiveCfg = Debug|Any CPU
		{5D3099AF-5996-43A4-9D64-1B521C060117}.Debug|Any CPU.Build.0 = Debug|Any CPU
		{5D3099AF-5996-43A4-9D64-1B521C060117}.Release|Any CPU.ActiveCfg = Release|Any CPU
		{5D3099AF-5996-43A4-9D64-1B521C060117}.Release|Any CPU.Build.0 = Release|Any CPU
		{995DD1AC-6630-4CDA-97F1-F75090D6D542}.Debug|Any CPU.ActiveCfg = Debug|Any CPU
		{995DD1AC-6630-4CDA-97F1-F75090D6D542}.Debug|Any CPU.Build.0 = Debug|Any CPU
		{995DD1AC-6630-4CDA-97F1-F75090D6D542}.Release|Any CPU.ActiveCfg = Release|Any CPU
		{995DD1AC-6630-4CDA-97F1-F75090D6D542}.Release|Any CPU.Build.0 = Release|Any CPU
		{A6E56642-0C30-4219-A2D7-94BA2C876A51}.Debug|Any CPU.ActiveCfg = Debug|Any CPU
		{A6E56642-0C30-4219-A2D7-94BA2C876A51}.Debug|Any CPU.Build.0 = Debug|Any CPU
		{A6E56642-0C30-4219-A2D7-94BA2C876A51}.Release|Any CPU.ActiveCfg = Release|Any CPU
		{A6E56642-0C30-4219-A2D7-94BA2C876A51}.Release|Any CPU.Build.0 = Release|Any CPU
		{BBD9E66A-CAD9-4F62-86D2-624659985C67}.Debug|Any CPU.ActiveCfg = Debug|Any CPU
		{BBD9E66A-CAD9-4F62-86D2-624659985C67}.Debug|Any CPU.Build.0 = Debug|Any CPU
		{BBD9E66A-CAD9-4F62-86D2-624659985C67}.Release|Any CPU.ActiveCfg = Release|Any CPU
		{BBD9E66A-CAD9-4F62-86D2-624659985C67}.Release|Any CPU.Build.0 = Release|Any CPU
		{B0B0600B-898B-41D1-BFAB-8FB0E81A20F8}.Debug|Any CPU.ActiveCfg = Debug|Any CPU
		{B0B0600B-898B-41D1-BFAB-8FB0E81A20F8}.Debug|Any CPU.Build.0 = Debug|Any CPU
		{B0B0600B-898B-41D1-BFAB-8FB0E81A20F8}.Release|Any CPU.ActiveCfg = Release|Any CPU
		{B0B0600B-898B-41D1-BFAB-8FB0E81A20F8}.Release|Any CPU.Build.0 = Release|Any CPU
		{1595A168-8F71-46C9-8373-A7903621F3DB}.Debug|Any CPU.ActiveCfg = Debug|Any CPU
		{1595A168-8F71-46C9-8373-A7903621F3DB}.Debug|Any CPU.Build.0 = Debug|Any CPU
		{1595A168-8F71-46C9-8373-A7903621F3DB}.Release|Any CPU.ActiveCfg = Release|Any CPU
		{1595A168-8F71-46C9-8373-A7903621F3DB}.Release|Any CPU.Build.0 = Release|Any CPU
		{15732B55-B7CB-4FAA-852A-9697CB8A3279}.Debug|Any CPU.ActiveCfg = Debug|Any CPU
		{15732B55-B7CB-4FAA-852A-9697CB8A3279}.Debug|Any CPU.Build.0 = Debug|Any CPU
		{15732B55-B7CB-4FAA-852A-9697CB8A3279}.Release|Any CPU.ActiveCfg = Release|Any CPU
		{15732B55-B7CB-4FAA-852A-9697CB8A3279}.Release|Any CPU.Build.0 = Release|Any CPU
		{5FE9A98A-F583-4D2A-8082-14C01EBDF490}.Debug|Any CPU.ActiveCfg = Debug|Any CPU
		{5FE9A98A-F583-4D2A-8082-14C01EBDF490}.Debug|Any CPU.Build.0 = Debug|Any CPU
		{5FE9A98A-F583-4D2A-8082-14C01EBDF490}.Release|Any CPU.ActiveCfg = Release|Any CPU
		{5FE9A98A-F583-4D2A-8082-14C01EBDF490}.Release|Any CPU.Build.0 = Release|Any CPU
		{45C81FD4-2780-4C5A-BB1B-5A2E9A6688E4}.Debug|Any CPU.ActiveCfg = Debug|Any CPU
		{45C81FD4-2780-4C5A-BB1B-5A2E9A6688E4}.Debug|Any CPU.Build.0 = Debug|Any CPU
		{45C81FD4-2780-4C5A-BB1B-5A2E9A6688E4}.Release|Any CPU.ActiveCfg = Release|Any CPU
		{45C81FD4-2780-4C5A-BB1B-5A2E9A6688E4}.Release|Any CPU.Build.0 = Release|Any CPU
		{55842982-0248-4335-95A9-8A52E7123F81}.Debug|Any CPU.ActiveCfg = Debug|Any CPU
		{55842982-0248-4335-95A9-8A52E7123F81}.Debug|Any CPU.Build.0 = Debug|Any CPU
		{55842982-0248-4335-95A9-8A52E7123F81}.Release|Any CPU.ActiveCfg = Release|Any CPU
		{55842982-0248-4335-95A9-8A52E7123F81}.Release|Any CPU.Build.0 = Release|Any CPU
		{CC70E79A-0ADC-4A11-891C-9B710C4362A5}.Debug|Any CPU.ActiveCfg = Debug|Any CPU
		{CC70E79A-0ADC-4A11-891C-9B710C4362A5}.Debug|Any CPU.Build.0 = Debug|Any CPU
		{CC70E79A-0ADC-4A11-891C-9B710C4362A5}.Release|Any CPU.ActiveCfg = Release|Any CPU
		{CC70E79A-0ADC-4A11-891C-9B710C4362A5}.Release|Any CPU.Build.0 = Release|Any CPU
		{8B8E5DFE-A0B4-4E32-B07C-419D938B6FA5}.Debug|Any CPU.ActiveCfg = Debug|Any CPU
		{8B8E5DFE-A0B4-4E32-B07C-419D938B6FA5}.Debug|Any CPU.Build.0 = Debug|Any CPU
		{8B8E5DFE-A0B4-4E32-B07C-419D938B6FA5}.Release|Any CPU.ActiveCfg = Release|Any CPU
		{8B8E5DFE-A0B4-4E32-B07C-419D938B6FA5}.Release|Any CPU.Build.0 = Release|Any CPU
		{0699A3CF-367C-4E62-9A99-5C1FB5FAD1A9}.Debug|Any CPU.ActiveCfg = Debug|Any CPU
		{0699A3CF-367C-4E62-9A99-5C1FB5FAD1A9}.Debug|Any CPU.Build.0 = Debug|Any CPU
		{0699A3CF-367C-4E62-9A99-5C1FB5FAD1A9}.Release|Any CPU.ActiveCfg = Release|Any CPU
		{0699A3CF-367C-4E62-9A99-5C1FB5FAD1A9}.Release|Any CPU.Build.0 = Release|Any CPU
		{B3B8F204-32DD-437B-B849-C68D4A605C04}.Debug|Any CPU.ActiveCfg = Debug|Any CPU
		{B3B8F204-32DD-437B-B849-C68D4A605C04}.Debug|Any CPU.Build.0 = Debug|Any CPU
		{B3B8F204-32DD-437B-B849-C68D4A605C04}.Release|Any CPU.ActiveCfg = Release|Any CPU
		{B3B8F204-32DD-437B-B849-C68D4A605C04}.Release|Any CPU.Build.0 = Release|Any CPU
		{E576BE29-7BA2-4B7D-A0A2-900772DB588F}.Debug|Any CPU.ActiveCfg = Debug|Any CPU
		{E576BE29-7BA2-4B7D-A0A2-900772DB588F}.Debug|Any CPU.Build.0 = Debug|Any CPU
		{E576BE29-7BA2-4B7D-A0A2-900772DB588F}.Release|Any CPU.ActiveCfg = Release|Any CPU
		{E576BE29-7BA2-4B7D-A0A2-900772DB588F}.Release|Any CPU.Build.0 = Release|Any CPU
		{19E2415C-6397-471D-9856-92094A6CE383}.Debug|Any CPU.ActiveCfg = Debug|Any CPU
		{19E2415C-6397-471D-9856-92094A6CE383}.Debug|Any CPU.Build.0 = Debug|Any CPU
		{19E2415C-6397-471D-9856-92094A6CE383}.Release|Any CPU.ActiveCfg = Release|Any CPU
		{19E2415C-6397-471D-9856-92094A6CE383}.Release|Any CPU.Build.0 = Release|Any CPU
		{0E02E9D4-3B11-4A07-8F3F-D799B43D8F5C}.Debug|Any CPU.ActiveCfg = Debug|Any CPU
		{0E02E9D4-3B11-4A07-8F3F-D799B43D8F5C}.Debug|Any CPU.Build.0 = Debug|Any CPU
		{0E02E9D4-3B11-4A07-8F3F-D799B43D8F5C}.Release|Any CPU.ActiveCfg = Release|Any CPU
		{0E02E9D4-3B11-4A07-8F3F-D799B43D8F5C}.Release|Any CPU.Build.0 = Release|Any CPU
		{58ECCF5F-9AF3-48AB-A5F2-1B8DD64858D4}.Debug|Any CPU.ActiveCfg = Debug|Any CPU
		{58ECCF5F-9AF3-48AB-A5F2-1B8DD64858D4}.Debug|Any CPU.Build.0 = Debug|Any CPU
		{58ECCF5F-9AF3-48AB-A5F2-1B8DD64858D4}.Release|Any CPU.ActiveCfg = Release|Any CPU
		{58ECCF5F-9AF3-48AB-A5F2-1B8DD64858D4}.Release|Any CPU.Build.0 = Release|Any CPU
		{45A7BE54-28B6-4A00-8067-3CA362914F7D}.Debug|Any CPU.ActiveCfg = Debug|Any CPU
		{45A7BE54-28B6-4A00-8067-3CA362914F7D}.Debug|Any CPU.Build.0 = Debug|Any CPU
		{45A7BE54-28B6-4A00-8067-3CA362914F7D}.Release|Any CPU.ActiveCfg = Release|Any CPU
		{45A7BE54-28B6-4A00-8067-3CA362914F7D}.Release|Any CPU.Build.0 = Release|Any CPU
		{76AB392D-78B0-46E2-A928-4D55D92F4285}.Debug|Any CPU.ActiveCfg = Debug|Any CPU
		{76AB392D-78B0-46E2-A928-4D55D92F4285}.Debug|Any CPU.Build.0 = Debug|Any CPU
		{76AB392D-78B0-46E2-A928-4D55D92F4285}.Release|Any CPU.ActiveCfg = Release|Any CPU
		{76AB392D-78B0-46E2-A928-4D55D92F4285}.Release|Any CPU.Build.0 = Release|Any CPU
	EndGlobalSection
	GlobalSection(SolutionProperties) = preSolution
		HideSolutionNode = FALSE
	EndGlobalSection
	GlobalSection(NestedProjects) = preSolution
		{EC633E14-4C94-42DA-8EB6-E4E42AC8203A} = {4241F29F-7D29-4FB4-883F-B91B92E1A83A}
		{4241F29F-7D29-4FB4-883F-B91B92E1A83A} = {E61C6D84-CFDF-4D52-99CA-31CB747B04D5}
		{5D3099AF-5996-43A4-9D64-1B521C060117} = {1471D14C-8258-4188-B428-FCBE9F83D388}
		{1471D14C-8258-4188-B428-FCBE9F83D388} = {E61C6D84-CFDF-4D52-99CA-31CB747B04D5}
		{E61C6D84-CFDF-4D52-99CA-31CB747B04D5} = {2323EEEA-11FE-487D-9E1F-F5A26F37AF67}
		{995DD1AC-6630-4CDA-97F1-F75090D6D542} = {48971536-26C4-4AF9-8804-BBDD009F9732}
		{48971536-26C4-4AF9-8804-BBDD009F9732} = {79382FC4-3786-438B-B71B-2DFBC69C9BB0}
		{A6E56642-0C30-4219-A2D7-94BA2C876A51} = {720D780E-CBF7-40C8-88A6-36A04659BCF8}
		{720D780E-CBF7-40C8-88A6-36A04659BCF8} = {79382FC4-3786-438B-B71B-2DFBC69C9BB0}
		{79382FC4-3786-438B-B71B-2DFBC69C9BB0} = {2323EEEA-11FE-487D-9E1F-F5A26F37AF67}
		{BBD9E66A-CAD9-4F62-86D2-624659985C67} = {67B4B057-E966-4B07-8E10-0F8B414D97B0}
		{67B4B057-E966-4B07-8E10-0F8B414D97B0} = {AB22AF7E-1775-45F7-B2C6-DC9664350985}
		{AB22AF7E-1775-45F7-B2C6-DC9664350985} = {2323EEEA-11FE-487D-9E1F-F5A26F37AF67}
		{2323EEEA-11FE-487D-9E1F-F5A26F37AF67} = {9CEF7AAE-9C59-415A-839C-1DA717E05FBD}
		{9CEF7AAE-9C59-415A-839C-1DA717E05FBD} = {1701468D-FB2B-43E8-B701-46E3EDEA3EAE}
		{1701468D-FB2B-43E8-B701-46E3EDEA3EAE} = {F26652B3-EE9F-499B-A428-57F01BF4FB76}
		{B0B0600B-898B-41D1-BFAB-8FB0E81A20F8} = {54D3603D-5E1F-4564-98F5-AF8899865D46}
		{54D3603D-5E1F-4564-98F5-AF8899865D46} = {9F3A1EB7-2F8D-4E42-B892-2306F1BE7A32}
		{9F3A1EB7-2F8D-4E42-B892-2306F1BE7A32} = {243583D5-62C4-46D0-A231-706CF18F5108}
		{243583D5-62C4-46D0-A231-706CF18F5108} = {397BBA4A-BD22-49DD-A6C1-C020C331B6BC}
		{1595A168-8F71-46C9-8373-A7903621F3DB} = {ED4038EA-6322-46E8-A30A-D137C39852FB}
		{ED4038EA-6322-46E8-A30A-D137C39852FB} = {82750134-CA44-47AD-87FF-543D503482FB}
		{15732B55-B7CB-4FAA-852A-9697CB8A3279} = {DBA84520-34E6-49AD-9488-F6BCBB2DE934}
		{DBA84520-34E6-49AD-9488-F6BCBB2DE934} = {82750134-CA44-47AD-87FF-543D503482FB}
		{5FE9A98A-F583-4D2A-8082-14C01EBDF490} = {F46FD34C-C549-4616-B6F6-B65E919BA5EC}
		{F46FD34C-C549-4616-B6F6-B65E919BA5EC} = {82750134-CA44-47AD-87FF-543D503482FB}
		{82750134-CA44-47AD-87FF-543D503482FB} = {A2CC35EA-2786-4C18-B7DA-CB39582EA36E}
		{A2CC35EA-2786-4C18-B7DA-CB39582EA36E} = {397BBA4A-BD22-49DD-A6C1-C020C331B6BC}
		{45C81FD4-2780-4C5A-BB1B-5A2E9A6688E4} = {96DD4022-DB48-4D3C-9A90-9B99F153C568}
		{96DD4022-DB48-4D3C-9A90-9B99F153C568} = {9F74811C-E597-4ED1-89CB-696C8E72D38D}
		{9F74811C-E597-4ED1-89CB-696C8E72D38D} = {4845CF04-8520-4440-B58C-631EC405960F}
		{4845CF04-8520-4440-B58C-631EC405960F} = {397BBA4A-BD22-49DD-A6C1-C020C331B6BC}
		{55842982-0248-4335-95A9-8A52E7123F81} = {2AE3C8D8-74FD-4C38-A042-E84401189610}
		{2AE3C8D8-74FD-4C38-A042-E84401189610} = {874B7E7E-DAB6-4487-9CD4-75E23399EAB1}
		{CC70E79A-0ADC-4A11-891C-9B710C4362A5} = {DF937125-D2EB-48DB-B15A-FF4074581C72}
		{DF937125-D2EB-48DB-B15A-FF4074581C72} = {874B7E7E-DAB6-4487-9CD4-75E23399EAB1}
		{874B7E7E-DAB6-4487-9CD4-75E23399EAB1} = {3C1AA4D6-6C57-4AF3-8FDA-D154EAF39C1A}
		{3C1AA4D6-6C57-4AF3-8FDA-D154EAF39C1A} = {397BBA4A-BD22-49DD-A6C1-C020C331B6BC}
		{8B8E5DFE-A0B4-4E32-B07C-419D938B6FA5} = {689B595B-BA91-4CF2-95D6-D5553F6E86CA}
		{689B595B-BA91-4CF2-95D6-D5553F6E86CA} = {E4772CC2-1B37-4126-89FE-2DAB49D6B07A}
		{E4772CC2-1B37-4126-89FE-2DAB49D6B07A} = {0616F6D1-0A16-4CC0-87C6-4AD7AEACBAAA}
		{0616F6D1-0A16-4CC0-87C6-4AD7AEACBAAA} = {AC59CD31-3715-4DBA-A5A6-C689C4640999}
		{AC59CD31-3715-4DBA-A5A6-C689C4640999} = {397BBA4A-BD22-49DD-A6C1-C020C331B6BC}
		{0699A3CF-367C-4E62-9A99-5C1FB5FAD1A9} = {CDE02245-29C7-4B2A-8051-C4420D27BF53}
		{CDE02245-29C7-4B2A-8051-C4420D27BF53} = {10BDB3A2-6F05-4B4B-B019-BDA16C420CC7}
		{B3B8F204-32DD-437B-B849-C68D4A605C04} = {CB8BD3BB-31F6-4FC6-88FE-8E62A11E1B49}
		{CB8BD3BB-31F6-4FC6-88FE-8E62A11E1B49} = {10BDB3A2-6F05-4B4B-B019-BDA16C420CC7}
		{10BDB3A2-6F05-4B4B-B019-BDA16C420CC7} = {17CE4C77-41E0-45D8-B458-0F9478D4BB6C}
		{17CE4C77-41E0-45D8-B458-0F9478D4BB6C} = {397BBA4A-BD22-49DD-A6C1-C020C331B6BC}
		{E576BE29-7BA2-4B7D-A0A2-900772DB588F} = {DAEEC3D1-8030-45C3-8F24-D0DA82A29696}
		{DAEEC3D1-8030-45C3-8F24-D0DA82A29696} = {2321DDD9-1B9F-41CE-B600-9386D9BC0F84}
		{2321DDD9-1B9F-41CE-B600-9386D9BC0F84} = {18A4BAC0-A172-496C-BE74-FBDDCC95B4CD}
		{18A4BAC0-A172-496C-BE74-FBDDCC95B4CD} = {397BBA4A-BD22-49DD-A6C1-C020C331B6BC}
		{19E2415C-6397-471D-9856-92094A6CE383} = {6ADEA6A9-8E9C-4C6A-8EB9-B3893E991845}
		{6ADEA6A9-8E9C-4C6A-8EB9-B3893E991845} = {D1116B7E-464A-46C6-805B-1DB86561D5AF}
		{0E02E9D4-3B11-4A07-8F3F-D799B43D8F5C} = {A8D5B69A-C264-4EBE-8B25-435B56F9D488}
		{A8D5B69A-C264-4EBE-8B25-435B56F9D488} = {D1116B7E-464A-46C6-805B-1DB86561D5AF}
		{D1116B7E-464A-46C6-805B-1DB86561D5AF} = {30091720-94FD-48FD-B040-0FC645D0140F}
		{30091720-94FD-48FD-B040-0FC645D0140F} = {397BBA4A-BD22-49DD-A6C1-C020C331B6BC}
		{58ECCF5F-9AF3-48AB-A5F2-1B8DD64858D4} = {8309C2E3-C3E1-43F6-9DF8-05DEAFC68052}
		{8309C2E3-C3E1-43F6-9DF8-05DEAFC68052} = {4828F5EB-0648-41D6-8DB8-6D92CAEFF0E0}
		{4828F5EB-0648-41D6-8DB8-6D92CAEFF0E0} = {0CC9CCFD-E0B5-41C6-8E12-4979A3C405A5}
		{0CC9CCFD-E0B5-41C6-8E12-4979A3C405A5} = {397BBA4A-BD22-49DD-A6C1-C020C331B6BC}
		{45A7BE54-28B6-4A00-8067-3CA362914F7D} = {E5623A23-268B-4EB1-BD72-5A1E94AC1079}
		{E5623A23-268B-4EB1-BD72-5A1E94AC1079} = {38193882-5D10-41B5-9F75-ECA020FC26EB}
		{38193882-5D10-41B5-9F75-ECA020FC26EB} = {97E48919-6909-4AF6-B6B6-0A87965D7783}
		{97E48919-6909-4AF6-B6B6-0A87965D7783} = {397BBA4A-BD22-49DD-A6C1-C020C331B6BC}
		{76AB392D-78B0-46E2-A928-4D55D92F4285} = {42B95BB1-4CB0-415F-B3CD-80FB72BF2B0A}
		{42B95BB1-4CB0-415F-B3CD-80FB72BF2B0A} = {9971E480-0647-4D03-91F4-0E4CF4FE5CA5}
		{9971E480-0647-4D03-91F4-0E4CF4FE5CA5} = {7EF8BA91-0F7E-4D9D-ADC9-7A60D175DC37}
		{7EF8BA91-0F7E-4D9D-ADC9-7A60D175DC37} = {397BBA4A-BD22-49DD-A6C1-C020C331B6BC}
	EndGlobalSection
	GlobalSection(ExtensibilityGlobals) = postSolution
		SolutionGuid = {3110F8B0-D332-4D29-8146-414C47AA0C87}
	EndGlobalSection
EndGlobal
